
Microsoft Visual Studio Solution File, Format Version 12.00
# Visual Studio Version 16
VisualStudioVersion = 16.0.33927.289
MinimumVisualStudioVersion = 10.0.40219.1
Project("{2150E333-8FDC-42A3-9474-1A3956D46DE8}") = "Task0", "Task0", "{2FE80BEC-1404-4888-9102-C52B2968DBB9}"
EndProject
Project("{FAE04EC0-301F-11D3-BF4B-00C04F79EFBC}") = "Tyuiu.ElsufevMP.Sprint3.Task0.V26", "Tyuiu.ElsufevMP.Sprint3.Task0.V26\Tyuiu.ElsufevMP.Sprint3.Task0.V26.csproj", "{2C12FD68-F33C-4B92-8F70-005C633CF6DC}"
EndProject
Project("{FAE04EC0-301F-11D3-BF4B-00C04F79EFBC}") = "Tyuiu.ElsufevMP.Sprint3.Task0.V26.Lib", "Tyuiu.ElsufevMP.Sprint3.Task0.V26.Lib\Tyuiu.ElsufevMP.Sprint3.Task0.V26.Lib.csproj", "{E37C0CD7-8F7B-4DC7-B08C-A99873D8C1E6}"
EndProject
Project("{FAE04EC0-301F-11D3-BF4B-00C04F79EFBC}") = "Tyuiu.ElsufevMP.Sprint3.Task0.V26.Test", "Tyuiu.ElsufevMP.Sprint3.Task0.V26.Test\Tyuiu.ElsufevMP.Sprint3.Task0.V26.Test.csproj", "{156AFF51-15D0-49AE-8335-9088ACF41C06}"
EndProject
Project("{2150E333-8FDC-42A3-9474-1A3956D46DE8}") = "Task1", "Task1", "{0ECAA118-6086-484A-A6A0-F23E90B3C640}"
EndProject
Project("{FAE04EC0-301F-11D3-BF4B-00C04F79EFBC}") = "Tyuiu.ElsufevMP.Sprint3.Task1.V7", "Tyuiu.ElsufevMP.Sprint3.Task1.V7\Tyuiu.ElsufevMP.Sprint3.Task1.V7.csproj", "{B71A9B7F-5E95-42DA-BD19-1F84E3BA5FC5}"
EndProject
Project("{FAE04EC0-301F-11D3-BF4B-00C04F79EFBC}") = "Tyuiu.ElsufevMP.Sprint3.Task1.V7.Lib", "Tyuiu.ElsufevMP.Sprint3.Task1.V7.Lib\Tyuiu.ElsufevMP.Sprint3.Task1.V7.Lib.csproj", "{13965429-66C9-40EC-9420-8F09C21871D9}"
EndProject
Project("{FAE04EC0-301F-11D3-BF4B-00C04F79EFBC}") = "Tyuiu.ElsufevMP.Sprint3.Task1.V7.Test", "Tyuiu.ElsufevMP.Sprint3.Task1.V7.Test\Tyuiu.ElsufevMP.Sprint3.Task1.V7.Test.csproj", "{37860CDB-1993-430A-BA4C-E6592D9D7362}"
EndProject
Project("{2150E333-8FDC-42A3-9474-1A3956D46DE8}") = "Task2", "Task2", "{BB001012-9AF9-4BA9-9652-701283375786}"
EndProject
Project("{FAE04EC0-301F-11D3-BF4B-00C04F79EFBC}") = "Tyuiu.ElsufevMP.Sprint3.Task2.V16", "Tyuiu.ElsufevMP.Sprint3.Task2.V16\Tyuiu.ElsufevMP.Sprint3.Task2.V16.csproj", "{4478D3B7-9B4F-4806-A3CB-465FB2A82999}"
EndProject
Project("{FAE04EC0-301F-11D3-BF4B-00C04F79EFBC}") = "Tyuiu.ElsufevMP.Sprint3.Task2.V16.Lib", "Tyuiu.ElsufevMP.Sprint3.Task2.V16.Lib\Tyuiu.ElsufevMP.Sprint3.Task2.V16.Lib.csproj", "{BC95B324-8604-446C-8F85-A04B909AC8B8}"
EndProject
Project("{FAE04EC0-301F-11D3-BF4B-00C04F79EFBC}") = "Tyuiu.ElsufevMP.Sprint3.Task2.V16.Test", "Tyuiu.ElsufevMP.Sprint3.Task2.V16.Test\Tyuiu.ElsufevMP.Sprint3.Task2.V16.Test.csproj", "{56231CC3-2ECF-418A-BC4A-0CAB9E064D19}"
EndProject
Global
	GlobalSection(SolutionConfigurationPlatforms) = preSolution
		Debug|Any CPU = Debug|Any CPU
		Release|Any CPU = Release|Any CPU
	EndGlobalSection
	GlobalSection(ProjectConfigurationPlatforms) = postSolution
		{2C12FD68-F33C-4B92-8F70-005C633CF6DC}.Debug|Any CPU.ActiveCfg = Debug|Any CPU
		{2C12FD68-F33C-4B92-8F70-005C633CF6DC}.Debug|Any CPU.Build.0 = Debug|Any CPU
		{2C12FD68-F33C-4B92-8F70-005C633CF6DC}.Release|Any CPU.ActiveCfg = Release|Any CPU
		{2C12FD68-F33C-4B92-8F70-005C633CF6DC}.Release|Any CPU.Build.0 = Release|Any CPU
		{E37C0CD7-8F7B-4DC7-B08C-A99873D8C1E6}.Debug|Any CPU.ActiveCfg = Debug|Any CPU
		{E37C0CD7-8F7B-4DC7-B08C-A99873D8C1E6}.Debug|Any CPU.Build.0 = Debug|Any CPU
		{E37C0CD7-8F7B-4DC7-B08C-A99873D8C1E6}.Release|Any CPU.ActiveCfg = Release|Any CPU
		{E37C0CD7-8F7B-4DC7-B08C-A99873D8C1E6}.Release|Any CPU.Build.0 = Release|Any CPU
		{156AFF51-15D0-49AE-8335-9088ACF41C06}.Debug|Any CPU.ActiveCfg = Debug|Any CPU
		{156AFF51-15D0-49AE-8335-9088ACF41C06}.Debug|Any CPU.Build.0 = Debug|Any CPU
		{156AFF51-15D0-49AE-8335-9088ACF41C06}.Release|Any CPU.ActiveCfg = Release|Any CPU
		{156AFF51-15D0-49AE-8335-9088ACF41C06}.Release|Any CPU.Build.0 = Release|Any CPU
		{B71A9B7F-5E95-42DA-BD19-1F84E3BA5FC5}.Debug|Any CPU.ActiveCfg = Debug|Any CPU
		{B71A9B7F-5E95-42DA-BD19-1F84E3BA5FC5}.Debug|Any CPU.Build.0 = Debug|Any CPU
		{B71A9B7F-5E95-42DA-BD19-1F84E3BA5FC5}.Release|Any CPU.ActiveCfg = Release|Any CPU
		{B71A9B7F-5E95-42DA-BD19-1F84E3BA5FC5}.Release|Any CPU.Build.0 = Release|Any CPU
		{13965429-66C9-40EC-9420-8F09C21871D9}.Debug|Any CPU.ActiveCfg = Debug|Any CPU
		{13965429-66C9-40EC-9420-8F09C21871D9}.Debug|Any CPU.Build.0 = Debug|Any CPU
		{13965429-66C9-40EC-9420-8F09C21871D9}.Release|Any CPU.ActiveCfg = Release|Any CPU
		{13965429-66C9-40EC-9420-8F09C21871D9}.Release|Any CPU.Build.0 = Release|Any CPU
		{37860CDB-1993-430A-BA4C-E6592D9D7362}.Debug|Any CPU.ActiveCfg = Debug|Any CPU
		{37860CDB-1993-430A-BA4C-E6592D9D7362}.Debug|Any CPU.Build.0 = Debug|Any CPU
		{37860CDB-1993-430A-BA4C-E6592D9D7362}.Release|Any CPU.ActiveCfg = Release|Any CPU
		{37860CDB-1993-430A-BA4C-E6592D9D7362}.Release|Any CPU.Build.0 = Release|Any CPU
		{4478D3B7-9B4F-4806-A3CB-465FB2A82999}.Debug|Any CPU.ActiveCfg = Debug|Any CPU
		{4478D3B7-9B4F-4806-A3CB-465FB2A82999}.Debug|Any CPU.Build.0 = Debug|Any CPU
		{4478D3B7-9B4F-4806-A3CB-465FB2A82999}.Release|Any CPU.ActiveCfg = Release|Any CPU
		{4478D3B7-9B4F-4806-A3CB-465FB2A82999}.Release|Any CPU.Build.0 = Release|Any CPU
		{BC95B324-8604-446C-8F85-A04B909AC8B8}.Debug|Any CPU.ActiveCfg = Debug|Any CPU
		{BC95B324-8604-446C-8F85-A04B909AC8B8}.Debug|Any CPU.Build.0 = Debug|Any CPU
		{BC95B324-8604-446C-8F85-A04B909AC8B8}.Release|Any CPU.ActiveCfg = Release|Any CPU
		{BC95B324-8604-446C-8F85-A04B909AC8B8}.Release|Any CPU.Build.0 = Release|Any CPU
		{56231CC3-2ECF-418A-BC4A-0CAB9E064D19}.Debug|Any CPU.ActiveCfg = Debug|Any CPU
		{56231CC3-2ECF-418A-BC4A-0CAB9E064D19}.Debug|Any CPU.Build.0 = Debug|Any CPU
		{56231CC3-2ECF-418A-BC4A-0CAB9E064D19}.Release|Any CPU.ActiveCfg = Release|Any CPU
		{56231CC3-2ECF-418A-BC4A-0CAB9E064D19}.Release|Any CPU.Build.0 = Release|Any CPU
	EndGlobalSection
	GlobalSection(SolutionProperties) = preSolution
		HideSolutionNode = FALSE
	EndGlobalSection
	GlobalSection(NestedProjects) = preSolution
		{2C12FD68-F33C-4B92-8F70-005C633CF6DC} = {2FE80BEC-1404-4888-9102-C52B2968DBB9}
		{E37C0CD7-8F7B-4DC7-B08C-A99873D8C1E6} = {2FE80BEC-1404-4888-9102-C52B2968DBB9}
		{156AFF51-15D0-49AE-8335-9088ACF41C06} = {2FE80BEC-1404-4888-9102-C52B2968DBB9}
		{B71A9B7F-5E95-42DA-BD19-1F84E3BA5FC5} = {0ECAA118-6086-484A-A6A0-F23E90B3C640}
		{13965429-66C9-40EC-9420-8F09C21871D9} = {0ECAA118-6086-484A-A6A0-F23E90B3C640}
		{37860CDB-1993-430A-BA4C-E6592D9D7362} = {0ECAA118-6086-484A-A6A0-F23E90B3C640}
		{4478D3B7-9B4F-4806-A3CB-465FB2A82999} = {BB001012-9AF9-4BA9-9652-701283375786}
		{BC95B324-8604-446C-8F85-A04B909AC8B8} = {BB001012-9AF9-4BA9-9652-701283375786}
		{56231CC3-2ECF-418A-BC4A-0CAB9E064D19} = {BB001012-9AF9-4BA9-9652-701283375786}
	EndGlobalSection
	GlobalSection(ExtensibilityGlobals) = postSolution
		SolutionGuid = {0B344060-C7BC-4080-94BB-656F8E5E02E4}
	EndGlobalSection
EndGlobal
